
Microsoft Visual Studio Solution File, Format Version 12.00
# Visual Studio Version 17
VisualStudioVersion = 17.3.32922.545
MinimumVisualStudioVersion = 10.0.40219.1
Project("{8BC9CEB8-8B4A-11D0-8D11-00A0C91BC942}") = "Lista3", "Lista3.vcxproj", "{8D504ACF-EB31-4080-8FE9-00278AF69CAE}"
EndProject
Global
	GlobalSection(SolutionConfigurationPlatforms) = preSolution
		Debug|x64 = Debug|x64
		Debug|x86 = Debug|x86
		Release|x64 = Release|x64
		Release|x86 = Release|x86
	EndGlobalSection
	GlobalSection(ProjectConfigurationPlatforms) = postSolution
		{8D504ACF-EB31-4080-8FE9-00278AF69CAE}.Debug|x64.ActiveCfg = Debug|x64
		{8D504ACF-EB31-4080-8FE9-00278AF69CAE}.Debug|x64.Build.0 = Debug|x64
		{8D504ACF-EB31-4080-8FE9-00278AF69CAE}.Debug|x86.ActiveCfg = Debug|Win32
		{8D504ACF-EB31-4080-8FE9-00278AF69CAE}.Debug|x86.Build.0 = Debug|Win32
		{8D504ACF-EB31-4080-8FE9-00278AF69CAE}.Release|x64.ActiveCfg = Release|x64
		{8D504ACF-EB31-4080-8FE9-00278AF69CAE}.Release|x64.Build.0 = Release|x64
		{8D504ACF-EB31-4080-8FE9-00278AF69CAE}.Release|x86.ActiveCfg = Release|Win32
		{8D504ACF-EB31-4080-8FE9-00278AF69CAE}.Release|x86.Build.0 = Release|Win32
	EndGlobalSection
	GlobalSection(SolutionProperties) = preSolution
		HideSolutionNode = FALSE
	EndGlobalSection
	GlobalSection(ExtensibilityGlobals) = postSolution
		SolutionGuid = {908C9260-037C-4988-8995-164CF76D81CC}
	EndGlobalSection
EndGlobal
